{
  "name": "@forvais/typescript-monorepo-template",
  "lockfileVersion": 3,
  "requires": true,
  "packages": {
    "": {
      "name": "@forvais/typescript-monorepo-template",
      "license": "MIT",
      "workspaces": [
        "apps/client",
        "packages/math",
        "packages/logger"
      ],
      "engines": {
        "node": ">=18.0.0"
      }
    },
    "apps/client": {
      "name": "@node-typescript-monorepo-template/client",
      "version": "0.0.0",
      "license": "MIT",
      "devDependencies": {
        "typescript": "^5.2.2"
      }
    },
    "node_modules/@node-typescript-monorepo-template/client": {
      "resolved": "apps/client",
      "link": true
    },
    "node_modules/@node-typescript-monorepo-template/logger": {
      "resolved": "packages/logger",
      "link": true
    },
    "node_modules/@node-typescript-monorepo-template/math": {
      "resolved": "packages/math",
      "link": true
    },
    "node_modules/typescript": {
      "version": "5.2.2",
      "dev": true,
      "license": "Apache-2.0",
      "bin": {
        "tsc": "bin/tsc",
        "tsserver": "bin/tsserver"
      },
      "engines": {
        "node": ">=14.17"
      }
    },
    "packages/logger": {
      "name": "@node-typescript-monorepo-template/logger",
      "version": "0.0.0",
      "license": "MIT",
      "devDependencies": {
        "typescript": "^5.2.2"
      }
    },
    "packages/math": {
      "name": "@node-typescript-monorepo-template/math",
      "version": "0.0.0",
      "license": "MIT",
      "devDependencies": {
        "typescript": "^5.2.2"
      }
    }
  }
}
